
Microsoft Visual Studio Solution File, Format Version 12.00
# Visual Studio Version 17
VisualStudioVersion = 17.13.35931.197
MinimumVisualStudioVersion = 10.0.40219.1
Project("{FAE04EC0-301F-11D3-BF4B-00C04F79EFBC}") = "Gufel.CQRS", "CQRS\Gufel.CQRS.csproj", "{32937ECF-1B71-4C18-B217-9991627FCD12}"
EndProject
Project("{FAE04EC0-301F-11D3-BF4B-00C04F79EFBC}") = "Gufel.UnitTest", "UnitTest\Gufel.UnitTest.csproj", "{28FE7AB9-62C8-4DF6-8EB4-CB80759532BC}"
EndProject
Project("{FAE04EC0-301F-11D3-BF4B-00C04F79EFBC}") = "Gufel.Sample", "Gufel.Sample\Gufel.Sample.csproj", "{D0375269-CC02-4C50-AE05-0DC3113F4051}"
EndProject
Global
	GlobalSection(SolutionConfigurationPlatforms) = preSolution
		Debug|Any CPU = Debug|Any CPU
		Release|Any CPU = Release|Any CPU
	EndGlobalSection
	GlobalSection(ProjectConfigurationPlatforms) = postSolution
		{32937ECF-1B71-4C18-B217-9991627FCD12}.Debug|Any CPU.ActiveCfg = Debug|Any CPU
		{32937ECF-1B71-4C18-B217-9991627FCD12}.Debug|Any CPU.Build.0 = Debug|Any CPU
		{32937ECF-1B71-4C18-B217-9991627FCD12}.Release|Any CPU.ActiveCfg = Release|Any CPU
		{32937ECF-1B71-4C18-B217-9991627FCD12}.Release|Any CPU.Build.0 = Release|Any CPU
		{28FE7AB9-62C8-4DF6-8EB4-CB80759532BC}.Debug|Any CPU.ActiveCfg = Debug|Any CPU
		{28FE7AB9-62C8-4DF6-8EB4-CB80759532BC}.Debug|Any CPU.Build.0 = Debug|Any CPU
		{28FE7AB9-62C8-4DF6-8EB4-CB80759532BC}.Release|Any CPU.ActiveCfg = Release|Any CPU
		{28FE7AB9-62C8-4DF6-8EB4-CB80759532BC}.Release|Any CPU.Build.0 = Release|Any CPU
		{D0375269-CC02-4C50-AE05-0DC3113F4051}.Debug|Any CPU.ActiveCfg = Debug|Any CPU
		{D0375269-CC02-4C50-AE05-0DC3113F4051}.Debug|Any CPU.Build.0 = Debug|Any CPU
		{D0375269-CC02-4C50-AE05-0DC3113F4051}.Release|Any CPU.ActiveCfg = Release|Any CPU
		{D0375269-CC02-4C50-AE05-0DC3113F4051}.Release|Any CPU.Build.0 = Release|Any CPU
	EndGlobalSection
	GlobalSection(SolutionProperties) = preSolution
		HideSolutionNode = FALSE
	EndGlobalSection
	GlobalSection(ExtensibilityGlobals) = postSolution
		SolutionGuid = {C44BDE9C-2BEB-45C4-B3A5-3CFDE8814D28}
	EndGlobalSection
EndGlobal
